
Microsoft Visual Studio Solution File, Format Version 12.00
# Visual Studio Version 16
VisualStudioVersion = 16.0.31829.152
MinimumVisualStudioVersion = 10.0.40219.1
Project("{FAE04EC0-301F-11D3-BF4B-00C04F79EFBC}") = "lab5", "lab5\lab5.csproj", "{0D9E86EB-9EB1-4A44-A50E-9E28B176D2E6}"
EndProject
Project("{FAE04EC0-301F-11D3-BF4B-00C04F79EFBC}") = "option 2", "option\option 2.csproj", "{34127D6C-CDA9-4907-9BF9-868DCD75E66D}"
EndProject
Global
	GlobalSection(SolutionConfigurationPlatforms) = preSolution
		Debug|Any CPU = Debug|Any CPU
		Release|Any CPU = Release|Any CPU
	EndGlobalSection
	GlobalSection(ProjectConfigurationPlatforms) = postSolution
		{0D9E86EB-9EB1-4A44-A50E-9E28B176D2E6}.Debug|Any CPU.ActiveCfg = Debug|Any CPU
		{0D9E86EB-9EB1-4A44-A50E-9E28B176D2E6}.Debug|Any CPU.Build.0 = Debug|Any CPU
		{0D9E86EB-9EB1-4A44-A50E-9E28B176D2E6}.Release|Any CPU.ActiveCfg = Release|Any CPU
		{0D9E86EB-9EB1-4A44-A50E-9E28B176D2E6}.Release|Any CPU.Build.0 = Release|Any CPU
		{34127D6C-CDA9-4907-9BF9-868DCD75E66D}.Debug|Any CPU.ActiveCfg = Debug|Any CPU
		{34127D6C-CDA9-4907-9BF9-868DCD75E66D}.Debug|Any CPU.Build.0 = Debug|Any CPU
		{34127D6C-CDA9-4907-9BF9-868DCD75E66D}.Release|Any CPU.ActiveCfg = Release|Any CPU
		{34127D6C-CDA9-4907-9BF9-868DCD75E66D}.Release|Any CPU.Build.0 = Release|Any CPU
	EndGlobalSection
	GlobalSection(SolutionProperties) = preSolution
		HideSolutionNode = FALSE
	EndGlobalSection
	GlobalSection(ExtensibilityGlobals) = postSolution
		SolutionGuid = {55FE4D6D-BAC1-4C2E-B054-63FDE7F3082A}
	EndGlobalSection
EndGlobal
